
Microsoft Visual Studio Solution File, Format Version 12.00
# Visual Studio 15
VisualStudioVersion = 15.0.26730.12
MinimumVisualStudioVersion = 10.0.40219.1
Project("{FAE04EC0-301F-11D3-BF4B-00C04F79EFBC}") = "NewtonMethod", "NewtonMethod\NewtonMethod.csproj", "{D9B2347B-8E68-470B-B535-2D1DD353D317}"
EndProject
Project("{FAE04EC0-301F-11D3-BF4B-00C04F79EFBC}") = "NewtomMethod.Tests", "NewtomMethod.Tests\NewtomMethod.Tests.csproj", "{F6DF6B85-2DD5-4118-9FD5-87C97F52FFC7}"
EndProject
Project("{FAE04EC0-301F-11D3-BF4B-00C04F79EFBC}") = "NextBiggerNumber", "NextBiggerNumber\NextBiggerNumber.csproj", "{4D9DC87F-D69B-406A-83D6-BE7FAC64652F}"
EndProject
Project("{FAE04EC0-301F-11D3-BF4B-00C04F79EFBC}") = "NextBiggerNumber.Test", "NextBiggerNumber.Test\NextBiggerNumber.Test.csproj", "{80D8CBC2-4C16-4EEC-AE9F-76BD396C8A35}"
EndProject
Project("{FAE04EC0-301F-11D3-BF4B-00C04F79EFBC}") = "FindGCD", "FindGCD\FindGCD.csproj", "{1152BA3E-56AA-45F7-A900-9C2EB6A9878A}"
EndProject
Project("{FAE04EC0-301F-11D3-BF4B-00C04F79EFBC}") = "FindGCD.Tests", "FindGCD.Tests\FindGCD.Tests.csproj", "{9823002C-2818-4825-B5E8-2116ED2201DC}"
EndProject
Global
	GlobalSection(SolutionConfigurationPlatforms) = preSolution
		Debug|Any CPU = Debug|Any CPU
		Release|Any CPU = Release|Any CPU
	EndGlobalSection
	GlobalSection(ProjectConfigurationPlatforms) = postSolution
		{D9B2347B-8E68-470B-B535-2D1DD353D317}.Debug|Any CPU.ActiveCfg = Debug|Any CPU
		{D9B2347B-8E68-470B-B535-2D1DD353D317}.Debug|Any CPU.Build.0 = Debug|Any CPU
		{D9B2347B-8E68-470B-B535-2D1DD353D317}.Release|Any CPU.ActiveCfg = Release|Any CPU
		{D9B2347B-8E68-470B-B535-2D1DD353D317}.Release|Any CPU.Build.0 = Release|Any CPU
		{F6DF6B85-2DD5-4118-9FD5-87C97F52FFC7}.Debug|Any CPU.ActiveCfg = Debug|Any CPU
		{F6DF6B85-2DD5-4118-9FD5-87C97F52FFC7}.Debug|Any CPU.Build.0 = Debug|Any CPU
		{F6DF6B85-2DD5-4118-9FD5-87C97F52FFC7}.Release|Any CPU.ActiveCfg = Release|Any CPU
		{F6DF6B85-2DD5-4118-9FD5-87C97F52FFC7}.Release|Any CPU.Build.0 = Release|Any CPU
		{4D9DC87F-D69B-406A-83D6-BE7FAC64652F}.Debug|Any CPU.ActiveCfg = Debug|Any CPU
		{4D9DC87F-D69B-406A-83D6-BE7FAC64652F}.Debug|Any CPU.Build.0 = Debug|Any CPU
		{4D9DC87F-D69B-406A-83D6-BE7FAC64652F}.Release|Any CPU.ActiveCfg = Release|Any CPU
		{4D9DC87F-D69B-406A-83D6-BE7FAC64652F}.Release|Any CPU.Build.0 = Release|Any CPU
		{80D8CBC2-4C16-4EEC-AE9F-76BD396C8A35}.Debug|Any CPU.ActiveCfg = Debug|Any CPU
		{80D8CBC2-4C16-4EEC-AE9F-76BD396C8A35}.Debug|Any CPU.Build.0 = Debug|Any CPU
		{80D8CBC2-4C16-4EEC-AE9F-76BD396C8A35}.Release|Any CPU.ActiveCfg = Release|Any CPU
		{80D8CBC2-4C16-4EEC-AE9F-76BD396C8A35}.Release|Any CPU.Build.0 = Release|Any CPU
		{1152BA3E-56AA-45F7-A900-9C2EB6A9878A}.Debug|Any CPU.ActiveCfg = Debug|Any CPU
		{1152BA3E-56AA-45F7-A900-9C2EB6A9878A}.Debug|Any CPU.Build.0 = Debug|Any CPU
		{1152BA3E-56AA-45F7-A900-9C2EB6A9878A}.Release|Any CPU.ActiveCfg = Release|Any CPU
		{1152BA3E-56AA-45F7-A900-9C2EB6A9878A}.Release|Any CPU.Build.0 = Release|Any CPU
		{9823002C-2818-4825-B5E8-2116ED2201DC}.Debug|Any CPU.ActiveCfg = Debug|Any CPU
		{9823002C-2818-4825-B5E8-2116ED2201DC}.Debug|Any CPU.Build.0 = Debug|Any CPU
		{9823002C-2818-4825-B5E8-2116ED2201DC}.Release|Any CPU.ActiveCfg = Release|Any CPU
		{9823002C-2818-4825-B5E8-2116ED2201DC}.Release|Any CPU.Build.0 = Release|Any CPU
	EndGlobalSection
	GlobalSection(SolutionProperties) = preSolution
		HideSolutionNode = FALSE
	EndGlobalSection
	GlobalSection(ExtensibilityGlobals) = postSolution
		SolutionGuid = {60AABAA4-75F6-4621-A7EE-9956ABCE1A50}
	EndGlobalSection
EndGlobal
