
Microsoft Visual Studio Solution File, Format Version 12.00
# Visual Studio 15
VisualStudioVersion = 15.0.26730.12
MinimumVisualStudioVersion = 10.0.40219.1
Project("{FAE04EC0-301F-11D3-BF4B-00C04F79EFBC}") = "NewtonMethod", "NewtonMethod\NewtonMethod.csproj", "{D9B2347B-8E68-470B-B535-2D1DD353D317}"
EndProject
Project("{FAE04EC0-301F-11D3-BF4B-00C04F79EFBC}") = "NewtomMethod.Tests", "NewtomMethod.Tests\NewtomMethod.Tests.csproj", "{F6DF6B85-2DD5-4118-9FD5-87C97F52FFC7}"
EndProject
Global
	GlobalSection(SolutionConfigurationPlatforms) = preSolution
		Debug|Any CPU = Debug|Any CPU
		Release|Any CPU = Release|Any CPU
	EndGlobalSection
	GlobalSection(ProjectConfigurationPlatforms) = postSolution
		{D9B2347B-8E68-470B-B535-2D1DD353D317}.Debug|Any CPU.ActiveCfg = Debug|Any CPU
		{D9B2347B-8E68-470B-B535-2D1DD353D317}.Debug|Any CPU.Build.0 = Debug|Any CPU
		{D9B2347B-8E68-470B-B535-2D1DD353D317}.Release|Any CPU.ActiveCfg = Release|Any CPU
		{D9B2347B-8E68-470B-B535-2D1DD353D317}.Release|Any CPU.Build.0 = Release|Any CPU
		{F6DF6B85-2DD5-4118-9FD5-87C97F52FFC7}.Debug|Any CPU.ActiveCfg = Debug|Any CPU
		{F6DF6B85-2DD5-4118-9FD5-87C97F52FFC7}.Debug|Any CPU.Build.0 = Debug|Any CPU
		{F6DF6B85-2DD5-4118-9FD5-87C97F52FFC7}.Release|Any CPU.ActiveCfg = Release|Any CPU
		{F6DF6B85-2DD5-4118-9FD5-87C97F52FFC7}.Release|Any CPU.Build.0 = Release|Any CPU
	EndGlobalSection
	GlobalSection(SolutionProperties) = preSolution
		HideSolutionNode = FALSE
	EndGlobalSection
	GlobalSection(ExtensibilityGlobals) = postSolution
		SolutionGuid = {60AABAA4-75F6-4621-A7EE-9956ABCE1A50}
	EndGlobalSection
EndGlobal
