
Microsoft Visual Studio Solution File, Format Version 12.00
# Visual Studio 15
VisualStudioVersion = 15.0.26730.12
MinimumVisualStudioVersion = 10.0.40219.1
Project("{FAE04EC0-301F-11D3-BF4B-00C04F79EFBC}") = "BinarySearchTree", "BinarySearchTree\BinarySearchTree.csproj", "{5CD6455C-ED66-4F67-9155-176727C91CEB}"
EndProject
Project("{FAE04EC0-301F-11D3-BF4B-00C04F79EFBC}") = "BinarySearchTree.Tests", "BinarySearchTree.Tests\BinarySearchTree.Tests.csproj", "{4B333E73-8D33-48FF-9907-F255BBEB9A80}"
EndProject
Project("{FAE04EC0-301F-11D3-BF4B-00C04F79EFBC}") = "TrafficLightState", "TrafficLightState\TrafficLightState.csproj", "{0A7EDBA8-6CA8-4977-88BD-BC3F5CC29D89}"
EndProject
Project("{FAE04EC0-301F-11D3-BF4B-00C04F79EFBC}") = "TrafficLightState.Tests", "TrafficLightState.Tests\TrafficLightState.Tests.csproj", "{86CD0AC9-449E-47AD-A8C1-14DC5A80DACE}"
EndProject
Global
	GlobalSection(SolutionConfigurationPlatforms) = preSolution
		Debug|Any CPU = Debug|Any CPU
		Release|Any CPU = Release|Any CPU
	EndGlobalSection
	GlobalSection(ProjectConfigurationPlatforms) = postSolution
		{5CD6455C-ED66-4F67-9155-176727C91CEB}.Debug|Any CPU.ActiveCfg = Debug|Any CPU
		{5CD6455C-ED66-4F67-9155-176727C91CEB}.Debug|Any CPU.Build.0 = Debug|Any CPU
		{5CD6455C-ED66-4F67-9155-176727C91CEB}.Release|Any CPU.ActiveCfg = Release|Any CPU
		{5CD6455C-ED66-4F67-9155-176727C91CEB}.Release|Any CPU.Build.0 = Release|Any CPU
		{4B333E73-8D33-48FF-9907-F255BBEB9A80}.Debug|Any CPU.ActiveCfg = Debug|Any CPU
		{4B333E73-8D33-48FF-9907-F255BBEB9A80}.Debug|Any CPU.Build.0 = Debug|Any CPU
		{4B333E73-8D33-48FF-9907-F255BBEB9A80}.Release|Any CPU.ActiveCfg = Release|Any CPU
		{4B333E73-8D33-48FF-9907-F255BBEB9A80}.Release|Any CPU.Build.0 = Release|Any CPU
		{0A7EDBA8-6CA8-4977-88BD-BC3F5CC29D89}.Debug|Any CPU.ActiveCfg = Debug|Any CPU
		{0A7EDBA8-6CA8-4977-88BD-BC3F5CC29D89}.Debug|Any CPU.Build.0 = Debug|Any CPU
		{0A7EDBA8-6CA8-4977-88BD-BC3F5CC29D89}.Release|Any CPU.ActiveCfg = Release|Any CPU
		{0A7EDBA8-6CA8-4977-88BD-BC3F5CC29D89}.Release|Any CPU.Build.0 = Release|Any CPU
		{86CD0AC9-449E-47AD-A8C1-14DC5A80DACE}.Debug|Any CPU.ActiveCfg = Debug|Any CPU
		{86CD0AC9-449E-47AD-A8C1-14DC5A80DACE}.Debug|Any CPU.Build.0 = Debug|Any CPU
		{86CD0AC9-449E-47AD-A8C1-14DC5A80DACE}.Release|Any CPU.ActiveCfg = Release|Any CPU
		{86CD0AC9-449E-47AD-A8C1-14DC5A80DACE}.Release|Any CPU.Build.0 = Release|Any CPU
	EndGlobalSection
	GlobalSection(SolutionProperties) = preSolution
		HideSolutionNode = FALSE
	EndGlobalSection
	GlobalSection(ExtensibilityGlobals) = postSolution
		SolutionGuid = {08614BB2-A440-4883-92EA-CD41F5796B36}
	EndGlobalSection
EndGlobal
