
Microsoft Visual Studio Solution File, Format Version 12.00
# Visual Studio 15
VisualStudioVersion = 15.0.26730.12
MinimumVisualStudioVersion = 10.0.40219.1
Project("{FAE04EC0-301F-11D3-BF4B-00C04F79EFBC}") = "JaggedArrayExtencion", "JaggedArrayExtencion\JaggedArrayExtencion.csproj", "{2BB25EC9-7577-4ED6-ABE1-EAE04F130EF4}"
EndProject
Project("{FAE04EC0-301F-11D3-BF4B-00C04F79EFBC}") = "JaggedArrayExtension.Tests", "JaggedArrayExtension.Tests\JaggedArrayExtension.Tests.csproj", "{D8D15E37-3226-4984-8720-3366AC8627EF}"
EndProject
Project("{FAE04EC0-301F-11D3-BF4B-00C04F79EFBC}") = "BankAccount", "BankAccount\BankAccount.csproj", "{5F00571D-BFF2-4573-B020-5BF8B049EF4B}"
EndProject
Global
	GlobalSection(SolutionConfigurationPlatforms) = preSolution
		Debug|Any CPU = Debug|Any CPU
		Release|Any CPU = Release|Any CPU
	EndGlobalSection
	GlobalSection(ProjectConfigurationPlatforms) = postSolution
		{2BB25EC9-7577-4ED6-ABE1-EAE04F130EF4}.Debug|Any CPU.ActiveCfg = Debug|Any CPU
		{2BB25EC9-7577-4ED6-ABE1-EAE04F130EF4}.Debug|Any CPU.Build.0 = Debug|Any CPU
		{2BB25EC9-7577-4ED6-ABE1-EAE04F130EF4}.Release|Any CPU.ActiveCfg = Release|Any CPU
		{2BB25EC9-7577-4ED6-ABE1-EAE04F130EF4}.Release|Any CPU.Build.0 = Release|Any CPU
		{D8D15E37-3226-4984-8720-3366AC8627EF}.Debug|Any CPU.ActiveCfg = Debug|Any CPU
		{D8D15E37-3226-4984-8720-3366AC8627EF}.Debug|Any CPU.Build.0 = Debug|Any CPU
		{D8D15E37-3226-4984-8720-3366AC8627EF}.Release|Any CPU.ActiveCfg = Release|Any CPU
		{D8D15E37-3226-4984-8720-3366AC8627EF}.Release|Any CPU.Build.0 = Release|Any CPU
		{5F00571D-BFF2-4573-B020-5BF8B049EF4B}.Debug|Any CPU.ActiveCfg = Debug|Any CPU
		{5F00571D-BFF2-4573-B020-5BF8B049EF4B}.Debug|Any CPU.Build.0 = Debug|Any CPU
		{5F00571D-BFF2-4573-B020-5BF8B049EF4B}.Release|Any CPU.ActiveCfg = Release|Any CPU
		{5F00571D-BFF2-4573-B020-5BF8B049EF4B}.Release|Any CPU.Build.0 = Release|Any CPU
	EndGlobalSection
	GlobalSection(SolutionProperties) = preSolution
		HideSolutionNode = FALSE
	EndGlobalSection
	GlobalSection(ExtensibilityGlobals) = postSolution
		SolutionGuid = {579274F9-00EB-441A-AEBD-FF1872A8CB71}
	EndGlobalSection
EndGlobal
