
Microsoft Visual Studio Solution File, Format Version 12.00
# Visual Studio 15
VisualStudioVersion = 15.0.26730.12
MinimumVisualStudioVersion = 10.0.40219.1
Project("{FAE04EC0-301F-11D3-BF4B-00C04F79EFBC}") = "Matrix", "Matrix\Matrix.csproj", "{5CC407F2-5157-46CF-A961-16E49944D669}"
EndProject
Project("{FAE04EC0-301F-11D3-BF4B-00C04F79EFBC}") = "Matrix.Tests", "Matrix.Tests\Matrix.Tests.csproj", "{AABC0457-9309-43E3-82F6-66CFB4A60635}"
EndProject
Global
	GlobalSection(SolutionConfigurationPlatforms) = preSolution
		Debug|Any CPU = Debug|Any CPU
		Release|Any CPU = Release|Any CPU
	EndGlobalSection
	GlobalSection(ProjectConfigurationPlatforms) = postSolution
		{5CC407F2-5157-46CF-A961-16E49944D669}.Debug|Any CPU.ActiveCfg = Debug|Any CPU
		{5CC407F2-5157-46CF-A961-16E49944D669}.Debug|Any CPU.Build.0 = Debug|Any CPU
		{5CC407F2-5157-46CF-A961-16E49944D669}.Release|Any CPU.ActiveCfg = Release|Any CPU
		{5CC407F2-5157-46CF-A961-16E49944D669}.Release|Any CPU.Build.0 = Release|Any CPU
		{AABC0457-9309-43E3-82F6-66CFB4A60635}.Debug|Any CPU.ActiveCfg = Debug|Any CPU
		{AABC0457-9309-43E3-82F6-66CFB4A60635}.Debug|Any CPU.Build.0 = Debug|Any CPU
		{AABC0457-9309-43E3-82F6-66CFB4A60635}.Release|Any CPU.ActiveCfg = Release|Any CPU
		{AABC0457-9309-43E3-82F6-66CFB4A60635}.Release|Any CPU.Build.0 = Release|Any CPU
	EndGlobalSection
	GlobalSection(SolutionProperties) = preSolution
		HideSolutionNode = FALSE
	EndGlobalSection
	GlobalSection(ExtensibilityGlobals) = postSolution
		SolutionGuid = {2BF04A60-6417-48F3-83B8-E09CF84D8B7B}
	EndGlobalSection
EndGlobal
